
Microsoft Visual Studio Solution File, Format Version 12.00
# Visual Studio Version 16
VisualStudioVersion = 16.0.31112.23
MinimumVisualStudioVersion = 10.0.40219.1
Project("{FAE04EC0-301F-11D3-BF4B-00C04F79EFBC}") = "EFDF", "EFDF\EFDF.csproj", "{4E1192A2-D267-446E-A594-ADC23AEFD5FC}"
EndProject
Global
	GlobalSection(SolutionConfigurationPlatforms) = preSolution
		Debug|Any CPU = Debug|Any CPU
		Release|Any CPU = Release|Any CPU
	EndGlobalSection
	GlobalSection(ProjectConfigurationPlatforms) = postSolution
		{4E1192A2-D267-446E-A594-ADC23AEFD5FC}.Debug|Any CPU.ActiveCfg = Debug|Any CPU
		{4E1192A2-D267-446E-A594-ADC23AEFD5FC}.Debug|Any CPU.Build.0 = Debug|Any CPU
		{4E1192A2-D267-446E-A594-ADC23AEFD5FC}.Release|Any CPU.ActiveCfg = Release|Any CPU
		{4E1192A2-D267-446E-A594-ADC23AEFD5FC}.Release|Any CPU.Build.0 = Release|Any CPU
	EndGlobalSection
	GlobalSection(SolutionProperties) = preSolution
		HideSolutionNode = FALSE
	EndGlobalSection
	GlobalSection(ExtensibilityGlobals) = postSolution
		SolutionGuid = {32ADF3C0-B345-46E9-8D72-0C44A0B4AC2D}
	EndGlobalSection
EndGlobal
